// !$*UTF8*$!
{
	archiveVersion = 1;
	classes = {
	};
	objectVersion = 46;
	objects = {

/* Begin PBXBuildFile section */
		04AB2DDBC3A8707A54326DD0 /* libPods-AFN.a in Frameworks */ = {isa = PBXBuildFile; fileRef = 598A673886ECE27017BDA643 /* libPods-AFN.a */; };
		A11A81461D1A88CC00549506 /* Foundation.framework in Frameworks */ = {isa = PBXBuildFile; fileRef = A11A81451D1A88CC00549506 /* Foundation.framework */; };
		A11A81481D1A88D500549506 /* CoreFoundation.framework in Frameworks */ = {isa = PBXBuildFile; fileRef = A11A81471D1A88D500549506 /* CoreFoundation.framework */; };
		A11A814A1D1A897E00549506 /* CoreGraphics.framework in Frameworks */ = {isa = PBXBuildFile; fileRef = A11A81491D1A897E00549506 /* CoreGraphics.framework */; };
		A11A814C1D1A898900549506 /* UIKit.framework in Frameworks */ = {isa = PBXBuildFile; fileRef = A11A814B1D1A898900549506 /* UIKit.framework */; };
		A11A814D1D1A89D200549506 /* MediaAccessibility.framework in Frameworks */ = {isa = PBXBuildFile; fileRef = A11A813F1D1A877A00549506 /* MediaAccessibility.framework */; };
		A12A5DBD1D1A42C900C61D55 /* main.m in Sources */ = {isa = PBXBuildFile; fileRef = A12A5DBC1D1A42C900C61D55 /* main.m */; };
		A12A5DC01D1A42C900C61D55 /* AppDelegate.m in Sources */ = {isa = PBXBuildFile; fileRef = A12A5DBF1D1A42C900C61D55 /* AppDelegate.m */; };
		A12A5DC31D1A42C900C61D55 /* ViewController.m in Sources */ = {isa = PBXBuildFile; fileRef = A12A5DC21D1A42C900C61D55 /* ViewController.m */; };
		A12A5DC61D1A42C900C61D55 /* Main.storyboard in Resources */ = {isa = PBXBuildFile; fileRef = A12A5DC41D1A42C900C61D55 /* Main.storyboard */; };
		A12A5DC81D1A42C900C61D55 /* Assets.xcassets in Resources */ = {isa = PBXBuildFile; fileRef = A12A5DC71D1A42C900C61D55 /* Assets.xcassets */; };
		A12A5DCB1D1A42C900C61D55 /* LaunchScreen.storyboard in Resources */ = {isa = PBXBuildFile; fileRef = A12A5DC91D1A42C900C61D55 /* LaunchScreen.storyboard */; };
		A12A5DD61D1A42C900C61D55 /* AFNTests.m in Sources */ = {isa = PBXBuildFile; fileRef = A12A5DD51D1A42C900C61D55 /* AFNTests.m */; };
		A12A5DE11D1A42C900C61D55 /* AFNUITests.m in Sources */ = {isa = PBXBuildFile; fileRef = A12A5DE01D1A42C900C61D55 /* AFNUITests.m */; };
		A12A5DF01D1A541B00C61D55 /* HttpsTool.m in Sources */ = {isa = PBXBuildFile; fileRef = A12A5DEF1D1A541B00C61D55 /* HttpsTool.m */; };
/* End PBXBuildFile section */

/* Begin PBXContainerItemProxy section */
		A12A5DD21D1A42C900C61D55 /* PBXContainerItemProxy */ = {
			isa = PBXContainerItemProxy;
			containerPortal = A12A5DB01D1A42C900C61D55 /* Project object */;
			proxyType = 1;
			remoteGlobalIDString = A12A5DB71D1A42C900C61D55;
			remoteInfo = AFN;
		};
		A12A5DDD1D1A42C900C61D55 /* PBXContainerItemProxy */ = {
			isa = PBXContainerItemProxy;
			containerPortal = A12A5DB01D1A42C900C61D55 /* Project object */;
			proxyType = 1;
			remoteGlobalIDString = A12A5DB71D1A42C900C61D55;
			remoteInfo = AFN;
		};
/* End PBXContainerItemProxy section */

/* Begin PBXFileReference section */
		598A673886ECE27017BDA643 /* libPods-AFN.a */ = {isa = PBXFileReference; explicitFileType = archive.ar; includeInIndex = 0; path = "libPods-AFN.a"; sourceTree = BUILT_PRODUCTS_DIR; };
		7D898293F1E878B9A0C96000 /* Pods-AFN.release.xcconfig */ = {isa = PBXFileReference; includeInIndex = 1; lastKnownFileType = text.xcconfig; name = "Pods-AFN.release.xcconfig"; path = "Pods/Target Support Files/Pods-AFN/Pods-AFN.release.xcconfig"; sourceTree = "<group>"; };
		8358CDD8B3080882D05CD57B /* Pods-AFN.debug.xcconfig */ = {isa = PBXFileReference; includeInIndex = 1; lastKnownFileType = text.xcconfig; name = "Pods-AFN.debug.xcconfig"; path = "Pods/Target Support Files/Pods-AFN/Pods-AFN.debug.xcconfig"; sourceTree = "<group>"; };
		A11A813B1D1A863300549506 /* AVFoundation.framework */ = {isa = PBXFileReference; lastKnownFileType = wrapper.framework; name = AVFoundation.framework; path = System/Library/Frameworks/AVFoundation.framework; sourceTree = SDKROOT; };
		A11A813D1D1A876F00549506 /* MediaPlayer.framework */ = {isa = PBXFileReference; lastKnownFileType = wrapper.framework; name = MediaPlayer.framework; path = System/Library/Frameworks/MediaPlayer.framework; sourceTree = SDKROOT; };
		A11A813F1D1A877A00549506 /* MediaAccessibility.framework */ = {isa = PBXFileReference; lastKnownFileType = wrapper.framework; name = MediaAccessibility.framework; path = System/Library/Frameworks/MediaAccessibility.framework; sourceTree = SDKROOT; };
		A11A81411D1A879900549506 /* CoreMedia.framework */ = {isa = PBXFileReference; lastKnownFileType = wrapper.framework; name = CoreMedia.framework; path = System/Library/Frameworks/CoreMedia.framework; sourceTree = SDKROOT; };
		A11A81451D1A88CC00549506 /* Foundation.framework */ = {isa = PBXFileReference; lastKnownFileType = wrapper.framework; name = Foundation.framework; path = System/Library/Frameworks/Foundation.framework; sourceTree = SDKROOT; };
		A11A81471D1A88D500549506 /* CoreFoundation.framework */ = {isa = PBXFileReference; lastKnownFileType = wrapper.framework; name = CoreFoundation.framework; path = System/Library/Frameworks/CoreFoundation.framework; sourceTree = SDKROOT; };
		A11A81491D1A897E00549506 /* CoreGraphics.framework */ = {isa = PBXFileReference; lastKnownFileType = wrapper.framework; name = CoreGraphics.framework; path = System/Library/Frameworks/CoreGraphics.framework; sourceTree = SDKROOT; };
		A11A814B1D1A898900549506 /* UIKit.framework */ = {isa = PBXFileReference; lastKnownFileType = wrapper.framework; name = UIKit.framework; path = System/Library/Frameworks/UIKit.framework; sourceTree = SDKROOT; };
		A12A5DB81D1A42C900C61D55 /* AFN.app */ = {isa = PBXFileReference; explicitFileType = wrapper.application; includeInIndex = 0; path = AFN.app; sourceTree = BUILT_PRODUCTS_DIR; };
		A12A5DBC1D1A42C900C61D55 /* main.m */ = {isa = PBXFileReference; lastKnownFileType = sourcecode.c.objc; path = main.m; sourceTree = "<group>"; };
		A12A5DBE1D1A42C900C61D55 /* AppDelegate.h */ = {isa = PBXFileReference; lastKnownFileType = sourcecode.c.h; path = AppDelegate.h; sourceTree = "<group>"; };
		A12A5DBF1D1A42C900C61D55 /* AppDelegate.m */ = {isa = PBXFileReference; lastKnownFileType = sourcecode.c.objc; path = AppDelegate.m; sourceTree = "<group>"; };
		A12A5DC11D1A42C900C61D55 /* ViewController.h */ = {isa = PBXFileReference; lastKnownFileType = sourcecode.c.h; path = ViewController.h; sourceTree = "<group>"; };
		A12A5DC21D1A42C900C61D55 /* ViewController.m */ = {isa = PBXFileReference; lastKnownFileType = sourcecode.c.objc; path = ViewController.m; sourceTree = "<group>"; };
		A12A5DC51D1A42C900C61D55 /* Base */ = {isa = PBXFileReference; lastKnownFileType = file.storyboard; name = Base; path = Base.lproj/Main.storyboard; sourceTree = "<group>"; };
		A12A5DC71D1A42C900C61D55 /* Assets.xcassets */ = {isa = PBXFileReference; lastKnownFileType = folder.assetcatalog; path = Assets.xcassets; sourceTree = "<group>"; };
		A12A5DCA1D1A42C900C61D55 /* Base */ = {isa = PBXFileReference; lastKnownFileType = file.storyboard; name = Base; path = Base.lproj/LaunchScreen.storyboard; sourceTree = "<group>"; };
		A12A5DCC1D1A42C900C61D55 /* Info.plist */ = {isa = PBXFileReference; lastKnownFileType = text.plist.xml; path = Info.plist; sourceTree = "<group>"; };
		A12A5DD11D1A42C900C61D55 /* AFNTests.xctest */ = {isa = PBXFileReference; explicitFileType = wrapper.cfbundle; includeInIndex = 0; path = AFNTests.xctest; sourceTree = BUILT_PRODUCTS_DIR; };
		A12A5DD51D1A42C900C61D55 /* AFNTests.m */ = {isa = PBXFileReference; lastKnownFileType = sourcecode.c.objc; path = AFNTests.m; sourceTree = "<group>"; };
		A12A5DD71D1A42C900C61D55 /* Info.plist */ = {isa = PBXFileReference; lastKnownFileType = text.plist.xml; path = Info.plist; sourceTree = "<group>"; };
		A12A5DDC1D1A42C900C61D55 /* AFNUITests.xctest */ = {isa = PBXFileReference; explicitFileType = wrapper.cfbundle; includeInIndex = 0; path = AFNUITests.xctest; sourceTree = BUILT_PRODUCTS_DIR; };
		A12A5DE01D1A42C900C61D55 /* AFNUITests.m */ = {isa = PBXFileReference; lastKnownFileType = sourcecode.c.objc; path = AFNUITests.m; sourceTree = "<group>"; };
		A12A5DE21D1A42C900C61D55 /* Info.plist */ = {isa = PBXFileReference; lastKnownFileType = text.plist.xml; path = Info.plist; sourceTree = "<group>"; };
		A12A5DEE1D1A541B00C61D55 /* HttpsTool.h */ = {isa = PBXFileReference; fileEncoding = 4; lastKnownFileType = sourcecode.c.h; path = HttpsTool.h; sourceTree = "<group>"; };
		A12A5DEF1D1A541B00C61D55 /* HttpsTool.m */ = {isa = PBXFileReference; fileEncoding = 4; lastKnownFileType = sourcecode.c.objc; path = HttpsTool.m; sourceTree = "<group>"; };
/* End PBXFileReference section */

/* Begin PBXFrameworksBuildPhase section */
		A12A5DB51D1A42C900C61D55 /* Frameworks */ = {
			isa = PBXFrameworksBuildPhase;
			buildActionMask = 2147483647;
			files = (
				A11A814D1D1A89D200549506 /* MediaAccessibility.framework in Frameworks */,
				A11A814C1D1A898900549506 /* UIKit.framework in Frameworks */,
				A11A814A1D1A897E00549506 /* CoreGraphics.framework in Frameworks */,
				A11A81481D1A88D500549506 /* CoreFoundation.framework in Frameworks */,
				A11A81461D1A88CC00549506 /* Foundation.framework in Frameworks */,
				04AB2DDBC3A8707A54326DD0 /* libPods-AFN.a in Frameworks */,
			);
			runOnlyForDeploymentPostprocessing = 0;
		};
		A12A5DCE1D1A42C900C61D55 /* Frameworks */ = {
			isa = PBXFrameworksBuildPhase;
			buildActionMask = 2147483647;
			files = (
			);
			runOnlyForDeploymentPostprocessing = 0;
		};
		A12A5DD91D1A42C900C61D55 /* Frameworks */ = {
			isa = PBXFrameworksBuildPhase;
			buildActionMask = 2147483647;
			files = (
			);
			runOnlyForDeploymentPostprocessing = 0;
		};
/* End PBXFrameworksBuildPhase section */

/* Begin PBXGroup section */
		71B1B10B822F02DC651AA946 /* Pods */ = {
			isa = PBXGroup;
			children = (
				8358CDD8B3080882D05CD57B /* Pods-AFN.debug.xcconfig */,
				7D898293F1E878B9A0C96000 /* Pods-AFN.release.xcconfig */,
			);
			name = Pods;
			sourceTree = "<group>";
		};
		A12A5DAF1D1A42C900C61D55 = {
			isa = PBXGroup;
			children = (
				A12A5DBA1D1A42C900C61D55 /* AFN */,
				A12A5DD41D1A42C900C61D55 /* AFNTests */,
				A12A5DDF1D1A42C900C61D55 /* AFNUITests */,
				A12A5DB91D1A42C900C61D55 /* Products */,
				71B1B10B822F02DC651AA946 /* Pods */,
				F776F8A5F95302C4E4093EE9 /* Frameworks */,
			);
			sourceTree = "<group>";
		};
		A12A5DB91D1A42C900C61D55 /* Products */ = {
			isa = PBXGroup;
			children = (
				A12A5DB81D1A42C900C61D55 /* AFN.app */,
				A12A5DD11D1A42C900C61D55 /* AFNTests.xctest */,
				A12A5DDC1D1A42C900C61D55 /* AFNUITests.xctest */,
			);
			name = Products;
			sourceTree = "<group>";
		};
		A12A5DBA1D1A42C900C61D55 /* AFN */ = {
			isa = PBXGroup;
			children = (
				A12A5DBE1D1A42C900C61D55 /* AppDelegate.h */,
				A12A5DBF1D1A42C900C61D55 /* AppDelegate.m */,
				A12A5DC11D1A42C900C61D55 /* ViewController.h */,
				A12A5DC21D1A42C900C61D55 /* ViewController.m */,
				A12A5DC41D1A42C900C61D55 /* Main.storyboard */,
				A12A5DC71D1A42C900C61D55 /* Assets.xcassets */,
				A12A5DC91D1A42C900C61D55 /* LaunchScreen.storyboard */,
				A12A5DCC1D1A42C900C61D55 /* Info.plist */,
				A12A5DBB1D1A42C900C61D55 /* Supporting Files */,
				A12A5DEE1D1A541B00C61D55 /* HttpsTool.h */,
				A12A5DEF1D1A541B00C61D55 /* HttpsTool.m */,
			);
			path = AFN;
			sourceTree = "<group>";
		};
		A12A5DBB1D1A42C900C61D55 /* Supporting Files */ = {
			isa = PBXGroup;
			children = (
				A12A5DBC1D1A42C900C61D55 /* main.m */,
			);
			name = "Supporting Files";
			sourceTree = "<group>";
		};
		A12A5DD41D1A42C900C61D55 /* AFNTests */ = {
			isa = PBXGroup;
			children = (
				A12A5DD51D1A42C900C61D55 /* AFNTests.m */,
				A12A5DD71D1A42C900C61D55 /* Info.plist */,
			);
			path = AFNTests;
			sourceTree = "<group>";
		};
		A12A5DDF1D1A42C900C61D55 /* AFNUITests */ = {
			isa = PBXGroup;
			children = (
				A12A5DE01D1A42C900C61D55 /* AFNUITests.m */,
				A12A5DE21D1A42C900C61D55 /* Info.plist */,
			);
			path = AFNUITests;
			sourceTree = "<group>";
		};
		F776F8A5F95302C4E4093EE9 /* Frameworks */ = {
			isa = PBXGroup;
			children = (
				A11A814B1D1A898900549506 /* UIKit.framework */,
				A11A81491D1A897E00549506 /* CoreGraphics.framework */,
				A11A81471D1A88D500549506 /* CoreFoundation.framework */,
				A11A81451D1A88CC00549506 /* Foundation.framework */,
				A11A81411D1A879900549506 /* CoreMedia.framework */,
				A11A813F1D1A877A00549506 /* MediaAccessibility.framework */,
				A11A813D1D1A876F00549506 /* MediaPlayer.framework */,
				A11A813B1D1A863300549506 /* AVFoundation.framework */,
				598A673886ECE27017BDA643 /* libPods-AFN.a */,
			);
			name = Frameworks;
			sourceTree = "<group>";
		};
/* End PBXGroup section */

/* Begin PBXNativeTarget section */
		A12A5DB71D1A42C900C61D55 /* AFN */ = {
			isa = PBXNativeTarget;
			buildConfigurationList = A12A5DE51D1A42C900C61D55 /* Build configuration list for PBXNativeTarget "AFN" */;
			buildPhases = (
				A18482E137DFDD4D43525989 /* [CP] Check Pods Manifest.lock */,
				A12A5DB41D1A42C900C61D55 /* Sources */,
				A12A5DB51D1A42C900C61D55 /* Frameworks */,
				A12A5DB61D1A42C900C61D55 /* Resources */,
				6CA4C5991DFA6CAA3A05E7B3 /* [CP] Embed Pods Frameworks */,
				CA465B1B572E85167499B269 /* [CP] Copy Pods Resources */,
			);
			buildRules = (
			);
			dependencies = (
			);
			name = AFN;
			productName = AFN;
			productReference = A12A5DB81D1A42C900C61D55 /* AFN.app */;
			productType = "com.apple.product-type.application";
		};
		A12A5DD01D1A42C900C61D55 /* AFNTests */ = {
			isa = PBXNativeTarget;
			buildConfigurationList = A12A5DE81D1A42C900C61D55 /* Build configuration list for PBXNativeTarget "AFNTests" */;
			buildPhases = (
				A12A5DCD1D1A42C900C61D55 /* Sources */,
				A12A5DCE1D1A42C900C61D55 /* Frameworks */,
				A12A5DCF1D1A42C900C61D55 /* Resources */,
			);
			buildRules = (
			);
			dependencies = (
				A12A5DD31D1A42C900C61D55 /* PBXTargetDependency */,
			);
			name = AFNTests;
			productName = AFNTests;
			productReference = A12A5DD11D1A42C900C61D55 /* AFNTests.xctest */;
			productType = "com.apple.product-type.bundle.unit-test";
		};
		A12A5DDB1D1A42C900C61D55 /* AFNUITests */ = {
			isa = PBXNativeTarget;
			buildConfigurationList = A12A5DEB1D1A42C900C61D55 /* Build configuration list for PBXNativeTarget "AFNUITests" */;
			buildPhases = (
				A12A5DD81D1A42C900C61D55 /* Sources */,
				A12A5DD91D1A42C900C61D55 /* Frameworks */,
				A12A5DDA1D1A42C900C61D55 /* Resources */,
			);
			buildRules = (
			);
			dependencies = (
				A12A5DDE1D1A42C900C61D55 /* PBXTargetDependency */,
			);
			name = AFNUITests;
			productName = AFNUITests;
			productReference = A12A5DDC1D1A42C900C61D55 /* AFNUITests.xctest */;
			productType = "com.apple.product-type.bundle.ui-testing";
		};
/* End PBXNativeTarget section */

/* Begin PBXProject section */
		A12A5DB01D1A42C900C61D55 /* Project object */ = {
			isa = PBXProject;
			attributes = {
				LastUpgradeCheck = 0730;
				ORGANIZATIONNAME = "俊洋洋";
				TargetAttributes = {
					A12A5DB71D1A42C900C61D55 = {
						CreatedOnToolsVersion = 7.3.1;
					};
					A12A5DD01D1A42C900C61D55 = {
						CreatedOnToolsVersion = 7.3.1;
						TestTargetID = A12A5DB71D1A42C900C61D55;
					};
					A12A5DDB1D1A42C900C61D55 = {
						CreatedOnToolsVersion = 7.3.1;
						TestTargetID = A12A5DB71D1A42C900C61D55;
					};
				};
			};
			buildConfigurationList = A12A5DB31D1A42C900C61D55 /* Build configuration list for PBXProject "AFN" */;
			compatibilityVersion = "Xcode 3.2";
			developmentRegion = English;
			hasScannedForEncodings = 0;
			knownRegions = (
				en,
				Base,
			);
			mainGroup = A12A5DAF1D1A42C900C61D55;
			productRefGroup = A12A5DB91D1A42C900C61D55 /* Products */;
			projectDirPath = "";
			projectRoot = "";
			targets = (
				A12A5DB71D1A42C900C61D55 /* AFN */,
				A12A5DD01D1A42C900C61D55 /* AFNTests */,
				A12A5DDB1D1A42C900C61D55 /* AFNUITests */,
			);
		};
/* End PBXProject section */

/* Begin PBXResourcesBuildPhase section */
		A12A5DB61D1A42C900C61D55 /* Resources */ = {
			isa = PBXResourcesBuildPhase;
			buildActionMask = 2147483647;
			files = (
				A12A5DCB1D1A42C900C61D55 /* LaunchScreen.storyboard in Resources */,
				A12A5DC81D1A42C900C61D55 /* Assets.xcassets in Resources */,
				A12A5DC61D1A42C900C61D55 /* Main.storyboard in Resources */,
			);
			runOnlyForDeploymentPostprocessing = 0;
		};
		A12A5DCF1D1A42C900C61D55 /* Resources */ = {
			isa = PBXResourcesBuildPhase;
			buildActionMask = 2147483647;
			files = (
			);
			runOnlyForDeploymentPostprocessing = 0;
		};
		A12A5DDA1D1A42C900C61D55 /* Resources */ = {
			isa = PBXResourcesBuildPhase;
			buildActionMask = 2147483647;
			files = (
			);
			runOnlyForDeploymentPostprocessing = 0;
		};
/* End PBXResourcesBuildPhase section */

/* Begin PBXShellScriptBuildPhase section */
		6CA4C5991DFA6CAA3A05E7B3 /* [CP] Embed Pods Frameworks */ = {
			isa = PBXShellScriptBuildPhase;
			buildActionMask = 2147483647;
			files = (
			);
			inputPaths = (
			);
			name = "[CP] Embed Pods Frameworks";
			outputPaths = (
			);
			runOnlyForDeploymentPostprocessing = 0;
			shellPath = /bin/sh;
			shellScript = "\"${SRCROOT}/Pods/Target Support Files/Pods-AFN/Pods-AFN-frameworks.sh\"\n";
			showEnvVarsInLog = 0;
		};
		A18482E137DFDD4D43525989 /* [CP] Check Pods Manifest.lock */ = {
			isa = PBXShellScriptBuildPhase;
			buildActionMask = 2147483647;
			files = (
			);
			inputPaths = (
			);
			name = "[CP] Check Pods Manifest.lock";
			outputPaths = (
			);
			runOnlyForDeploymentPostprocessing = 0;
			shellPath = /bin/sh;
			shellScript = "diff \"${PODS_ROOT}/../Podfile.lock\" \"${PODS_ROOT}/Manifest.lock\" > /dev/null\nif [[ $? != 0 ]] ; then\n    cat << EOM\nerror: The sandbox is not in sync with the Podfile.lock. Run 'pod install' or update your CocoaPods installation.\nEOM\n    exit 1\nfi\n";
			showEnvVarsInLog = 0;
		};
		CA465B1B572E85167499B269 /* [CP] Copy Pods Resources */ = {
			isa = PBXShellScriptBuildPhase;
			buildActionMask = 2147483647;
			files = (
			);
			inputPaths = (
			);
			name = "[CP] Copy Pods Resources";
			outputPaths = (
			);
			runOnlyForDeploymentPostprocessing = 0;
			shellPath = /bin/sh;
			shellScript = "\"${SRCROOT}/Pods/Target Support Files/Pods-AFN/Pods-AFN-resources.sh\"\n";
			showEnvVarsInLog = 0;
		};
/* End PBXShellScriptBuildPhase section */

/* Begin PBXSourcesBuildPhase section */
		A12A5DB41D1A42C900C61D55 /* Sources */ = {
			isa = PBXSourcesBuildPhase;
			buildActionMask = 2147483647;
			files = (
				A12A5DC31D1A42C900C61D55 /* ViewController.m in Sources */,
				A12A5DC01D1A42C900C61D55 /* AppDelegate.m in Sources */,
				A12A5DBD1D1A42C900C61D55 /* main.m in Sources */,
				A12A5DF01D1A541B00C61D55 /* HttpsTool.m in Sources */,
			);
			runOnlyForDeploymentPostprocessing = 0;
		};
		A12A5DCD1D1A42C900C61D55 /* Sources */ = {
			isa = PBXSourcesBuildPhase;
			buildActionMask = 2147483647;
			files = (
				A12A5DD61D1A42C900C61D55 /* AFNTests.m in Sources */,
			);
			runOnlyForDeploymentPostprocessing = 0;
		};
		A12A5DD81D1A42C900C61D55 /* Sources */ = {
			isa = PBXSourcesBuildPhase;
			buildActionMask = 2147483647;
			files = (
				A12A5DE11D1A42C900C61D55 /* AFNUITests.m in Sources */,
			);
			runOnlyForDeploymentPostprocessing = 0;
		};
/* End PBXSourcesBuildPhase section */

/* Begin PBXTargetDependency section */
		A12A5DD31D1A42C900C61D55 /* PBXTargetDependency */ = {
			isa = PBXTargetDependency;
			target = A12A5DB71D1A42C900C61D55 /* AFN */;
			targetProxy = A12A5DD21D1A42C900C61D55 /* PBXContainerItemProxy */;
		};
		A12A5DDE1D1A42C900C61D55 /* PBXTargetDependency */ = {
			isa = PBXTargetDependency;
			target = A12A5DB71D1A42C900C61D55 /* AFN */;
			targetProxy = A12A5DDD1D1A42C900C61D55 /* PBXContainerItemProxy */;
		};
/* End PBXTargetDependency section */

/* Begin PBXVariantGroup section */
		A12A5DC41D1A42C900C61D55 /* Main.storyboard */ = {
			isa = PBXVariantGroup;
			children = (
				A12A5DC51D1A42C900C61D55 /* Base */,
			);
			name = Main.storyboard;
			sourceTree = "<group>";
		};
		A12A5DC91D1A42C900C61D55 /* LaunchScreen.storyboard */ = {
			isa = PBXVariantGroup;
			children = (
				A12A5DCA1D1A42C900C61D55 /* Base */,
			);
			name = LaunchScreen.storyboard;
			sourceTree = "<group>";
		};
/* End PBXVariantGroup section */

/* Begin XCBuildConfiguration section */
		A12A5DE31D1A42C900C61D55 /* Debug */ = {
			isa = XCBuildConfiguration;
			buildSettings = {
				ALWAYS_SEARCH_USER_PATHS = NO;
				CLANG_ANALYZER_NONNULL = YES;
				CLANG_CXX_LANGUAGE_STANDARD = "gnu++0x";
				CLANG_CXX_LIBRARY = "libc++";
				CLANG_ENABLE_MODULES = YES;
				CLANG_ENABLE_OBJC_ARC = YES;
				CLANG_ENABLE_OBJC_WEAK = YES;
				CLANG_WARN_BOOL_CONVERSION = YES;
				CLANG_WARN_CONSTANT_CONVERSION = YES;
				CLANG_WARN_DIRECT_OBJC_ISA_USAGE = YES_ERROR;
				CLANG_WARN_EMPTY_BODY = YES;
				CLANG_WARN_ENUM_CONVERSION = YES;
				CLANG_WARN_INT_CONVERSION = YES;
				CLANG_WARN_OBJC_REPEATED_USE_OF_WEAK = YES;
				CLANG_WARN_OBJC_ROOT_CLASS = YES_ERROR;
				CLANG_WARN_UNREACHABLE_CODE = YES;
				CLANG_WARN__DUPLICATE_METHOD_MATCH = YES;
				"CODE_SIGN_IDENTITY[sdk=iphoneos*]" = "iPhone Developer";
				COPY_PHASE_STRIP = NO;
				DEBUG_INFORMATION_FORMAT = dwarf;
				ENABLE_STRICT_OBJC_MSGSEND = YES;
				ENABLE_TESTABILITY = YES;
				GCC_C_LANGUAGE_STANDARD = gnu99;
				GCC_DYNAMIC_NO_PIC = NO;
				GCC_NO_COMMON_BLOCKS = YES;
				GCC_OPTIMIZATION_LEVEL = 0;
				GCC_PREPROCESSOR_DEFINITIONS = (
					"DEBUG=1",
					"$(inherited)",
				);
				GCC_WARN_64_TO_32_BIT_CONVERSION = YES;
				GCC_WARN_ABOUT_RETURN_TYPE = YES_ERROR;
				GCC_WARN_UNDECLARED_SELECTOR = YES;
				GCC_WARN_UNINITIALIZED_AUTOS = YES_AGGRESSIVE;
				GCC_WARN_UNUSED_FUNCTION = YES;
				GCC_WARN_UNUSED_VARIABLE = YES;
				IPHONEOS_DEPLOYMENT_TARGET = 9.3;
				MTL_ENABLE_DEBUG_INFO = YES;
				ONLY_ACTIVE_ARCH = YES;
				SDKROOT = iphoneos;
				TARGETED_DEVICE_FAMILY = "1,2";
			};
			name = Debug;
		};
		A12A5DE41D1A42C900C61D55 /* Release */ = {
			isa = XCBuildConfiguration;
			buildSettings = {
				ALWAYS_SEARCH_USER_PATHS = NO;
				CLANG_ANALYZER_NONNULL = YES;
				CLANG_CXX_LANGUAGE_STANDARD = "gnu++0x";
				CLANG_CXX_LIBRARY = "libc++";
				CLANG_ENABLE_MODULES = YES;
				CLANG_ENABLE_OBJC_ARC = YES;
				CLANG_ENABLE_OBJC_WEAK = YES;
				CLANG_WARN_BOOL_CONVERSION = YES;
				CLANG_WARN_CONSTANT_CONVERSION = YES;
				CLANG_WARN_DIRECT_OBJC_ISA_USAGE = YES_ERROR;
				CLANG_WARN_EMPTY_BODY = YES;
				CLANG_WARN_ENUM_CONVERSION = YES;
				CLANG_WARN_INT_CONVERSION = YES;
				CLANG_WARN_OBJC_REPEATED_USE_OF_WEAK = YES;
				CLANG_WARN_OBJC_ROOT_CLASS = YES_ERROR;
				CLANG_WARN_UNREACHABLE_CODE = YES;
				CLANG_WARN__DUPLICATE_METHOD_MATCH = YES;
				"CODE_SIGN_IDENTITY[sdk=iphoneos*]" = "iPhone Developer";
				COPY_PHASE_STRIP = NO;
				DEBUG_INFORMATION_FORMAT = "dwarf-with-dsym";
				ENABLE_NS_ASSERTIONS = NO;
				ENABLE_STRICT_OBJC_MSGSEND = YES;
				GCC_C_LANGUAGE_STANDARD = gnu99;
				GCC_NO_COMMON_BLOCKS = YES;
				GCC_WARN_64_TO_32_BIT_CONVERSION = YES;
				GCC_WARN_ABOUT_RETURN_TYPE = YES_ERROR;
				GCC_WARN_UNDECLARED_SELECTOR = YES;
				GCC_WARN_UNINITIALIZED_AUTOS = YES_AGGRESSIVE;
				GCC_WARN_UNUSED_FUNCTION = YES;
				GCC_WARN_UNUSED_VARIABLE = YES;
				IPHONEOS_DEPLOYMENT_TARGET = 9.3;
				MTL_ENABLE_DEBUG_INFO = NO;
				SDKROOT = iphoneos;
				TARGETED_DEVICE_FAMILY = "1,2";
				VALIDATE_PRODUCT = YES;
			};
			name = Release;
		};
		A12A5DE61D1A42C900C61D55 /* Debug */ = {
			isa = XCBuildConfiguration;
			baseConfigurationReference = 8358CDD8B3080882D05CD57B /* Pods-AFN.debug.xcconfig */;
			buildSettings = {
				ASSETCATALOG_COMPILER_APPICON_NAME = AppIcon;
				CLANG_ENABLE_OBJC_WEAK = YES;
				INFOPLIST_FILE = AFN/Info.plist;
				LD_RUNPATH_SEARCH_PATHS = "$(inherited) @executable_path/Frameworks";
				PRODUCT_BUNDLE_IDENTIFIER = hltx.AFN;
				PRODUCT_NAME = "$(TARGET_NAME)";
			};
			name = Debug;
		};
		A12A5DE71D1A42C900C61D55 /* Release */ = {
			isa = XCBuildConfiguration;
			baseConfigurationReference = 7D898293F1E878B9A0C96000 /* Pods-AFN.release.xcconfig */;
			buildSettings = {
				ASSETCATALOG_COMPILER_APPICON_NAME = AppIcon;
				CLANG_ENABLE_OBJC_WEAK = YES;
				INFOPLIST_FILE = AFN/Info.plist;
				LD_RUNPATH_SEARCH_PATHS = "$(inherited) @executable_path/Frameworks";
				PRODUCT_BUNDLE_IDENTIFIER = hltx.AFN;
				PRODUCT_NAME = "$(TARGET_NAME)";
			};
			name = Release;
		};
		A12A5DE91D1A42C900C61D55 /* Debug */ = {
			isa = XCBuildConfiguration;
			buildSettings = {
				BUNDLE_LOADER = "$(TEST_HOST)";
				INFOPLIST_FILE = AFNTests/Info.plist;
				LD_RUNPATH_SEARCH_PATHS = "$(inherited) @executable_path/Frameworks @loader_path/Frameworks";
				PRODUCT_BUNDLE_IDENTIFIER = hltx.AFNTests;
				PRODUCT_NAME = "$(TARGET_NAME)";
				TEST_HOST = "$(BUILT_PRODUCTS_DIR)/AFN.app/AFN";
			};
			name = Debug;
		};
		A12A5DEA1D1A42C900C61D55 /* Release */ = {
			isa = XCBuildConfiguration;
			buildSettings = {
				BUNDLE_LOADER = "$(TEST_HOST)";
				INFOPLIST_FILE = AFNTests/Info.plist;
				LD_RUNPATH_SEARCH_PATHS = "$(inherited) @executable_path/Frameworks @loader_path/Frameworks";
				PRODUCT_BUNDLE_IDENTIFIER = hltx.AFNTests;
				PRODUCT_NAME = "$(TARGET_NAME)";
				TEST_HOST = "$(BUILT_PRODUCTS_DIR)/AFN.app/AFN";
			};
			name = Release;
		};
		A12A5DEC1D1A42C900C61D55 /* Debug */ = {
			isa = XCBuildConfiguration;
			buildSettings = {
				INFOPLIST_FILE = AFNUITests/Info.plist;
				LD_RUNPATH_SEARCH_PATHS = "$(inherited) @executable_path/Frameworks @loader_path/Frameworks";
				PRODUCT_BUNDLE_IDENTIFIER = hltx.AFNUITests;
				PRODUCT_NAME = "$(TARGET_NAME)";
				TEST_TARGET_NAME = AFN;
			};
			name = Debug;
		};
		A12A5DED1D1A42C900C61D55 /* Release */ = {
			isa = XCBuildConfiguration;
			buildSettings = {
				INFOPLIST_FILE = AFNUITests/Info.plist;
				LD_RUNPATH_SEARCH_PATHS = "$(inherited) @executable_path/Frameworks @loader_path/Frameworks";
				PRODUCT_BUNDLE_IDENTIFIER = hltx.AFNUITests;
				PRODUCT_NAME = "$(TARGET_NAME)";
				TEST_TARGET_NAME = AFN;
			};
			name = Release;
		};
/* End XCBuildConfiguration section */

/* Begin XCConfigurationList section */
		A12A5DB31D1A42C900C61D55 /* Build configuration list for PBXProject "AFN" */ = {
			isa = XCConfigurationList;
			buildConfigurations = (
				A12A5DE31D1A42C900C61D55 /* Debug */,
				A12A5DE41D1A42C900C61D55 /* Release */,
			);
			defaultConfigurationIsVisible = 0;
			defaultConfigurationName = Release;
		};
		A12A5DE51D1A42C900C61D55 /* Build configuration list for PBXNativeTarget "AFN" */ = {
			isa = XCConfigurationList;
			buildConfigurations = (
				A12A5DE61D1A42C900C61D55 /* Debug */,
				A12A5DE71D1A42C900C61D55 /* Release */,
			);
			defaultConfigurationIsVisible = 0;
			defaultConfigurationName = Release;
		};
		A12A5DE81D1A42C900C61D55 /* Build configuration list for PBXNativeTarget "AFNTests" */ = {
			isa = XCConfigurationList;
			buildConfigurations = (
				A12A5DE91D1A42C900C61D55 /* Debug */,
				A12A5DEA1D1A42C900C61D55 /* Release */,
			);
			defaultConfigurationIsVisible = 0;
			defaultConfigurationName = Release;
		};
		A12A5DEB1D1A42C900C61D55 /* Build configuration list for PBXNativeTarget "AFNUITests" */ = {
			isa = XCConfigurationList;
			buildConfigurations = (
				A12A5DEC1D1A42C900C61D55 /* Debug */,
				A12A5DED1D1A42C900C61D55 /* Release */,
			);
			defaultConfigurationIsVisible = 0;
			defaultConfigurationName = Release;
		};
/* End XCConfigurationList section */
	};
	rootObject = A12A5DB01D1A42C900C61D55 /* Project object */;
}
